
Microsoft Visual Studio Solution File, Format Version 12.00
# Visual Studio Version 17
VisualStudioVersion = 17.9.34728.123
MinimumVisualStudioVersion = 10.0.40219.1
Project("{FAE04EC0-301F-11D3-BF4B-00C04F79EFBC}") = "Reductio", "Reductio.csproj", "{8B22045D-AD7A-4773-A0FF-3B971AF31ED8}"
EndProject
Global
	GlobalSection(SolutionConfigurationPlatforms) = preSolution
		Debug|Any CPU = Debug|Any CPU
		Release|Any CPU = Release|Any CPU
	EndGlobalSection
	GlobalSection(ProjectConfigurationPlatforms) = postSolution
		{8B22045D-AD7A-4773-A0FF-3B971AF31ED8}.Debug|Any CPU.ActiveCfg = Debug|Any CPU
		{8B22045D-AD7A-4773-A0FF-3B971AF31ED8}.Debug|Any CPU.Build.0 = Debug|Any CPU
		{8B22045D-AD7A-4773-A0FF-3B971AF31ED8}.Release|Any CPU.ActiveCfg = Release|Any CPU
		{8B22045D-AD7A-4773-A0FF-3B971AF31ED8}.Release|Any CPU.Build.0 = Release|Any CPU
	EndGlobalSection
	GlobalSection(SolutionProperties) = preSolution
		HideSolutionNode = FALSE
	EndGlobalSection
	GlobalSection(ExtensibilityGlobals) = postSolution
		SolutionGuid = {D69A774F-2B5D-46F5-A88A-6E3C7C50F144}
	EndGlobalSection
EndGlobal
